// !$*UTF8*$!
{
	archiveVersion = 1;
	classes = {
	};
	objectVersion = 50;
	objects = {

/* Begin PBXBuildFile section */
		9018D63A21D3BDFC009F6021 /* Localizable.strings in Resources */ = {isa = PBXBuildFile; fileRef = 9018D63C21D3BDFC009F6021 /* Localizable.strings */; };
		9018D63F21D3BFEF009F6021 /* DiceView.swift in Sources */ = {isa = PBXBuildFile; fileRef = 9018D63E21D3BFEF009F6021 /* DiceView.swift */; };
		90245D0621D410A5007E6129 /* ShrinkButton.swift in Sources */ = {isa = PBXBuildFile; fileRef = 90245D0521D410A5007E6129 /* ShrinkButton.swift */; };
		90245D0921D421BF007E6129 /* StatService.swift in Sources */ = {isa = PBXBuildFile; fileRef = 90245D0821D421BF007E6129 /* StatService.swift */; };
		90C3697521D29F1100854988 /* AppDelegate.swift in Sources */ = {isa = PBXBuildFile; fileRef = 90C3697421D29F1100854988 /* AppDelegate.swift */; };
		90C3697721D29F1100854988 /* DiceViewController.swift in Sources */ = {isa = PBXBuildFile; fileRef = 90C3697621D29F1100854988 /* DiceViewController.swift */; };
		90C3697A21D29F1100854988 /* Main.storyboard in Resources */ = {isa = PBXBuildFile; fileRef = 90C3697821D29F1100854988 /* Main.storyboard */; };
		90C3697C21D29F1300854988 /* Assets.xcassets in Resources */ = {isa = PBXBuildFile; fileRef = 90C3697B21D29F1300854988 /* Assets.xcassets */; };
		90C3697F21D29F1300854988 /* LaunchScreen.storyboard in Resources */ = {isa = PBXBuildFile; fileRef = 90C3697D21D29F1300854988 /* LaunchScreen.storyboard */; };
		90C3698A21D29F1300854988 /* DiceTests.swift in Sources */ = {isa = PBXBuildFile; fileRef = 90C3698921D29F1300854988 /* DiceTests.swift */; };
		90C3699521D2B3A900854988 /* AboutViewController.swift in Sources */ = {isa = PBXBuildFile; fileRef = 90C3699421D2B3A900854988 /* AboutViewController.swift */; };
		90C3699921D2CA2500854988 /* DiceViewModel.swift in Sources */ = {isa = PBXBuildFile; fileRef = 90C3699821D2CA2500854988 /* DiceViewModel.swift */; };
		90C3699D21D3963200854988 /* String+DiceCommon.swift in Sources */ = {isa = PBXBuildFile; fileRef = 90C3699C21D3963200854988 /* String+DiceCommon.swift */; };
		A265839B2D0867E17ED86305 /* Pods_Dice.framework in Frameworks */ = {isa = PBXBuildFile; fileRef = 64FF3FBAA56840C2A4EC119A /* Pods_Dice.framework */; };
/* End PBXBuildFile section */

/* Begin PBXContainerItemProxy section */
		90C3698621D29F1300854988 /* PBXContainerItemProxy */ = {
			isa = PBXContainerItemProxy;
			containerPortal = 90C3696921D29F1100854988 /* Project object */;
			proxyType = 1;
			remoteGlobalIDString = 90C3697021D29F1100854988;
			remoteInfo = Dice;
		};
/* End PBXContainerItemProxy section */

/* Begin PBXFileReference section */
		64FF3FBAA56840C2A4EC119A /* Pods_Dice.framework */ = {isa = PBXFileReference; explicitFileType = wrapper.framework; includeInIndex = 0; path = Pods_Dice.framework; sourceTree = BUILT_PRODUCTS_DIR; };
		9018D63B21D3BDFC009F6021 /* en */ = {isa = PBXFileReference; lastKnownFileType = text.plist.strings; name = en; path = en.lproj/Localizable.strings; sourceTree = "<group>"; };
		9018D63E21D3BFEF009F6021 /* DiceView.swift */ = {isa = PBXFileReference; lastKnownFileType = sourcecode.swift; path = DiceView.swift; sourceTree = "<group>"; };
		90245D0521D410A5007E6129 /* ShrinkButton.swift */ = {isa = PBXFileReference; lastKnownFileType = sourcecode.swift; path = ShrinkButton.swift; sourceTree = "<group>"; };
		90245D0821D421BF007E6129 /* StatService.swift */ = {isa = PBXFileReference; lastKnownFileType = sourcecode.swift; path = StatService.swift; sourceTree = "<group>"; };
		90C3697121D29F1100854988 /* Dice.app */ = {isa = PBXFileReference; explicitFileType = wrapper.application; includeInIndex = 0; path = Dice.app; sourceTree = BUILT_PRODUCTS_DIR; };
		90C3697421D29F1100854988 /* AppDelegate.swift */ = {isa = PBXFileReference; lastKnownFileType = sourcecode.swift; path = AppDelegate.swift; sourceTree = "<group>"; };
		90C3697621D29F1100854988 /* DiceViewController.swift */ = {isa = PBXFileReference; lastKnownFileType = sourcecode.swift; path = DiceViewController.swift; sourceTree = "<group>"; };
		90C3697921D29F1100854988 /* Base */ = {isa = PBXFileReference; lastKnownFileType = file.storyboard; name = Base; path = Base.lproj/Main.storyboard; sourceTree = "<group>"; };
		90C3697B21D29F1300854988 /* Assets.xcassets */ = {isa = PBXFileReference; lastKnownFileType = folder.assetcatalog; path = Assets.xcassets; sourceTree = "<group>"; };
		90C3697E21D29F1300854988 /* Base */ = {isa = PBXFileReference; lastKnownFileType = file.storyboard; name = Base; path = Base.lproj/LaunchScreen.storyboard; sourceTree = "<group>"; };
		90C3698021D29F1300854988 /* Info.plist */ = {isa = PBXFileReference; lastKnownFileType = text.plist.xml; path = Info.plist; sourceTree = "<group>"; };
		90C3698521D29F1300854988 /* DiceTests.xctest */ = {isa = PBXFileReference; explicitFileType = wrapper.cfbundle; includeInIndex = 0; path = DiceTests.xctest; sourceTree = BUILT_PRODUCTS_DIR; };
		90C3698921D29F1300854988 /* DiceTests.swift */ = {isa = PBXFileReference; lastKnownFileType = sourcecode.swift; path = DiceTests.swift; sourceTree = "<group>"; };
		90C3698B21D29F1300854988 /* Info.plist */ = {isa = PBXFileReference; lastKnownFileType = text.plist.xml; path = Info.plist; sourceTree = "<group>"; };
		90C3699421D2B3A900854988 /* AboutViewController.swift */ = {isa = PBXFileReference; lastKnownFileType = sourcecode.swift; path = AboutViewController.swift; sourceTree = "<group>"; };
		90C3699821D2CA2500854988 /* DiceViewModel.swift */ = {isa = PBXFileReference; lastKnownFileType = sourcecode.swift; path = DiceViewModel.swift; sourceTree = "<group>"; };
		90C3699C21D3963200854988 /* String+DiceCommon.swift */ = {isa = PBXFileReference; lastKnownFileType = sourcecode.swift; path = "String+DiceCommon.swift"; sourceTree = "<group>"; };
		9B43763DEA496DF944FB8DCE /* Pods-Dice.release.xcconfig */ = {isa = PBXFileReference; includeInIndex = 1; lastKnownFileType = text.xcconfig; name = "Pods-Dice.release.xcconfig"; path = "Pods/Target Support Files/Pods-Dice/Pods-Dice.release.xcconfig"; sourceTree = "<group>"; };
		CAE43293FE7DE7E6184B8FBB /* Pods-Dice.debug.xcconfig */ = {isa = PBXFileReference; includeInIndex = 1; lastKnownFileType = text.xcconfig; name = "Pods-Dice.debug.xcconfig"; path = "Pods/Target Support Files/Pods-Dice/Pods-Dice.debug.xcconfig"; sourceTree = "<group>"; };
/* End PBXFileReference section */

/* Begin PBXFrameworksBuildPhase section */
		90C3696E21D29F1100854988 /* Frameworks */ = {
			isa = PBXFrameworksBuildPhase;
			buildActionMask = 2147483647;
			files = (
				A265839B2D0867E17ED86305 /* Pods_Dice.framework in Frameworks */,
			);
			runOnlyForDeploymentPostprocessing = 0;
		};
		90C3698221D29F1300854988 /* Frameworks */ = {
			isa = PBXFrameworksBuildPhase;
			buildActionMask = 2147483647;
			files = (
			);
			runOnlyForDeploymentPostprocessing = 0;
		};
/* End PBXFrameworksBuildPhase section */

/* Begin PBXGroup section */
		1BD0BB5D5459AC5FF1467A2C /* Pods */ = {
			isa = PBXGroup;
			children = (
				CAE43293FE7DE7E6184B8FBB /* Pods-Dice.debug.xcconfig */,
				9B43763DEA496DF944FB8DCE /* Pods-Dice.release.xcconfig */,
			);
			name = Pods;
			sourceTree = "<group>";
		};
		9018D63D21D3BFB8009F6021 /* Common */ = {
			isa = PBXGroup;
			children = (
				9018D63E21D3BFEF009F6021 /* DiceView.swift */,
				90245D0521D410A5007E6129 /* ShrinkButton.swift */,
			);
			path = Common;
			sourceTree = "<group>";
		};
		9018D64021D3C288009F6021 /* Dice */ = {
			isa = PBXGroup;
			children = (
				90C3697621D29F1100854988 /* DiceViewController.swift */,
				90C3699821D2CA2500854988 /* DiceViewModel.swift */,
			);
			path = Dice;
			sourceTree = "<group>";
		};
		9018D64121D3C293009F6021 /* Settings */ = {
			isa = PBXGroup;
			children = (
				90C3699421D2B3A900854988 /* AboutViewController.swift */,
			);
			path = Settings;
			sourceTree = "<group>";
		};
		90245D0721D421AC007E6129 /* Services */ = {
			isa = PBXGroup;
			children = (
				90245D0821D421BF007E6129 /* StatService.swift */,
			);
			path = Services;
			sourceTree = "<group>";
		};
		90C3696821D29F1100854988 = {
			isa = PBXGroup;
			children = (
				90C3697321D29F1100854988 /* Dice */,
				90C3698821D29F1300854988 /* DiceTests */,
				90C3697221D29F1100854988 /* Products */,
				1BD0BB5D5459AC5FF1467A2C /* Pods */,
				FC624DB5FCC8DE7CD2A991C7 /* Frameworks */,
			);
			sourceTree = "<group>";
		};
		90C3697221D29F1100854988 /* Products */ = {
			isa = PBXGroup;
			children = (
				90C3697121D29F1100854988 /* Dice.app */,
				90C3698521D29F1300854988 /* DiceTests.xctest */,
			);
			name = Products;
			sourceTree = "<group>";
		};
		90C3697321D29F1100854988 /* Dice */ = {
			isa = PBXGroup;
			children = (
				90245D0721D421AC007E6129 /* Services */,
				9018D63D21D3BFB8009F6021 /* Common */,
				90C3699E21D3BD5700854988 /* Views */,
				90C3697421D29F1100854988 /* AppDelegate.swift */,
				90C3697B21D29F1300854988 /* Assets.xcassets */,
				90C3697D21D29F1300854988 /* LaunchScreen.storyboard */,
				90C3698021D29F1300854988 /* Info.plist */,
				9018D63C21D3BDFC009F6021 /* Localizable.strings */,
				90C3699C21D3963200854988 /* String+DiceCommon.swift */,
			);
			path = Dice;
			sourceTree = "<group>";
		};
		90C3698821D29F1300854988 /* DiceTests */ = {
			isa = PBXGroup;
			children = (
				90C3698921D29F1300854988 /* DiceTests.swift */,
				90C3698B21D29F1300854988 /* Info.plist */,
			);
			path = DiceTests;
			sourceTree = "<group>";
		};
		90C3699E21D3BD5700854988 /* Views */ = {
			isa = PBXGroup;
			children = (
				9018D64021D3C288009F6021 /* Dice */,
				9018D64121D3C293009F6021 /* Settings */,
				90C3697821D29F1100854988 /* Main.storyboard */,
			);
			path = Views;
			sourceTree = "<group>";
		};
		FC624DB5FCC8DE7CD2A991C7 /* Frameworks */ = {
			isa = PBXGroup;
			children = (
				64FF3FBAA56840C2A4EC119A /* Pods_Dice.framework */,
			);
			name = Frameworks;
			sourceTree = "<group>";
		};
/* End PBXGroup section */

/* Begin PBXNativeTarget section */
		90C3697021D29F1100854988 /* Dice */ = {
			isa = PBXNativeTarget;
			buildConfigurationList = 90C3698E21D29F1300854988 /* Build configuration list for PBXNativeTarget "Dice" */;
			buildPhases = (
				3200CD7321B84A08C5EB9998 /* [CP] Check Pods Manifest.lock */,
				90C3696D21D29F1100854988 /* Sources */,
				90C3696E21D29F1100854988 /* Frameworks */,
				90C3696F21D29F1100854988 /* Resources */,
				9018D64421D40537009F6021 /* ShellScript */,
			);
			buildRules = (
			);
			dependencies = (
			);
			name = Dice;
			productName = Dice;
			productReference = 90C3697121D29F1100854988 /* Dice.app */;
			productType = "com.apple.product-type.application";
		};
		90C3698421D29F1300854988 /* DiceTests */ = {
			isa = PBXNativeTarget;
			buildConfigurationList = 90C3699121D29F1300854988 /* Build configuration list for PBXNativeTarget "DiceTests" */;
			buildPhases = (
				90C3698121D29F1300854988 /* Sources */,
				90C3698221D29F1300854988 /* Frameworks */,
				90C3698321D29F1300854988 /* Resources */,
			);
			buildRules = (
			);
			dependencies = (
				90C3698721D29F1300854988 /* PBXTargetDependency */,
			);
			name = DiceTests;
			productName = DiceTests;
			productReference = 90C3698521D29F1300854988 /* DiceTests.xctest */;
			productType = "com.apple.product-type.bundle.unit-test";
		};
/* End PBXNativeTarget section */

/* Begin PBXProject section */
		90C3696921D29F1100854988 /* Project object */ = {
			isa = PBXProject;
			attributes = {
				LastSwiftUpdateCheck = 1010;
				LastUpgradeCheck = 1010;
				ORGANIZATIONNAME = "Michal Cichon";
				TargetAttributes = {
					90C3697021D29F1100854988 = {
						CreatedOnToolsVersion = 10.1;
					};
					90C3698421D29F1300854988 = {
						CreatedOnToolsVersion = 10.1;
						TestTargetID = 90C3697021D29F1100854988;
					};
				};
			};
			buildConfigurationList = 90C3696C21D29F1100854988 /* Build configuration list for PBXProject "Dice" */;
			compatibilityVersion = "Xcode 9.3";
			developmentRegion = en;
			hasScannedForEncodings = 0;
			knownRegions = (
				en,
				Base,
			);
			mainGroup = 90C3696821D29F1100854988;
			productRefGroup = 90C3697221D29F1100854988 /* Products */;
			projectDirPath = "";
			projectRoot = "";
			targets = (
				90C3697021D29F1100854988 /* Dice */,
				90C3698421D29F1300854988 /* DiceTests */,
			);
		};
/* End PBXProject section */

/* Begin PBXResourcesBuildPhase section */
		90C3696F21D29F1100854988 /* Resources */ = {
			isa = PBXResourcesBuildPhase;
			buildActionMask = 2147483647;
			files = (
				90C3697F21D29F1300854988 /* LaunchScreen.storyboard in Resources */,
				9018D63A21D3BDFC009F6021 /* Localizable.strings in Resources */,
				90C3697C21D29F1300854988 /* Assets.xcassets in Resources */,
				90C3697A21D29F1100854988 /* Main.storyboard in Resources */,
			);
			runOnlyForDeploymentPostprocessing = 0;
		};
		90C3698321D29F1300854988 /* Resources */ = {
			isa = PBXResourcesBuildPhase;
			buildActionMask = 2147483647;
			files = (
			);
			runOnlyForDeploymentPostprocessing = 0;
		};
/* End PBXResourcesBuildPhase section */

/* Begin PBXShellScriptBuildPhase section */
		3200CD7321B84A08C5EB9998 /* [CP] Check Pods Manifest.lock */ = {
			isa = PBXShellScriptBuildPhase;
			buildActionMask = 2147483647;
			files = (
			);
			inputPaths = (
				"${PODS_PODFILE_DIR_PATH}/Podfile.lock",
				"${PODS_ROOT}/Manifest.lock",
			);
			name = "[CP] Check Pods Manifest.lock";
			outputPaths = (
				"$(DERIVED_FILE_DIR)/Pods-Dice-checkManifestLockResult.txt",
			);
			runOnlyForDeploymentPostprocessing = 0;
			shellPath = /bin/sh;
			shellScript = "diff \"${PODS_PODFILE_DIR_PATH}/Podfile.lock\" \"${PODS_ROOT}/Manifest.lock\" > /dev/null\nif [ $? != 0 ] ; then\n    # print error to STDERR\n    echo \"error: The sandbox is not in sync with the Podfile.lock. Run 'pod install' or update your CocoaPods installation.\" >&2\n    exit 1\nfi\n# This output is used by Xcode 'outputs' to avoid re-running this script phase.\necho \"SUCCESS\" > \"${SCRIPT_OUTPUT_FILE_0}\"\n";
			showEnvVarsInLog = 0;
		};
		9018D64421D40537009F6021 /* ShellScript */ = {
			isa = PBXShellScriptBuildPhase;
			buildActionMask = 2147483647;
			files = (
			);
			inputFileListPaths = (
			);
			inputPaths = (
			);
			outputFileListPaths = (
			);
			outputPaths = (
			);
			runOnlyForDeploymentPostprocessing = 0;
			shellPath = /bin/sh;
			shellScript = "\"${PODS_ROOT}/Fabric/run\" 7f448f6cf904f78edf7ebcd971c88473e09b8bbf 9f7f0acd813ad63c45feaa369bd0b2966bf72599655f62c08f5e684698fc6f33\n";
		};
/* End PBXShellScriptBuildPhase section */

/* Begin PBXSourcesBuildPhase section */
		90C3696D21D29F1100854988 /* Sources */ = {
			isa = PBXSourcesBuildPhase;
			buildActionMask = 2147483647;
			files = (
				90C3699521D2B3A900854988 /* AboutViewController.swift in Sources */,
				90245D0921D421BF007E6129 /* StatService.swift in Sources */,
				9018D63F21D3BFEF009F6021 /* DiceView.swift in Sources */,
				90C3697721D29F1100854988 /* DiceViewController.swift in Sources */,
				90C3699D21D3963200854988 /* String+DiceCommon.swift in Sources */,
				90C3697521D29F1100854988 /* AppDelegate.swift in Sources */,
				90245D0621D410A5007E6129 /* ShrinkButton.swift in Sources */,
				90C3699921D2CA2500854988 /* DiceViewModel.swift in Sources */,
			);
			runOnlyForDeploymentPostprocessing = 0;
		};
		90C3698121D29F1300854988 /* Sources */ = {
			isa = PBXSourcesBuildPhase;
			buildActionMask = 2147483647;
			files = (
				90C3698A21D29F1300854988 /* DiceTests.swift in Sources */,
			);
			runOnlyForDeploymentPostprocessing = 0;
		};
/* End PBXSourcesBuildPhase section */

/* Begin PBXTargetDependency section */
		90C3698721D29F1300854988 /* PBXTargetDependency */ = {
			isa = PBXTargetDependency;
			target = 90C3697021D29F1100854988 /* Dice */;
			targetProxy = 90C3698621D29F1300854988 /* PBXContainerItemProxy */;
		};
/* End PBXTargetDependency section */

/* Begin PBXVariantGroup section */
		9018D63C21D3BDFC009F6021 /* Localizable.strings */ = {
			isa = PBXVariantGroup;
			children = (
				9018D63B21D3BDFC009F6021 /* en */,
			);
			name = Localizable.strings;
			sourceTree = "<group>";
		};
		90C3697821D29F1100854988 /* Main.storyboard */ = {
			isa = PBXVariantGroup;
			children = (
				90C3697921D29F1100854988 /* Base */,
			);
			name = Main.storyboard;
			sourceTree = "<group>";
		};
		90C3697D21D29F1300854988 /* LaunchScreen.storyboard */ = {
			isa = PBXVariantGroup;
			children = (
				90C3697E21D29F1300854988 /* Base */,
			);
			name = LaunchScreen.storyboard;
			sourceTree = "<group>";
		};
/* End PBXVariantGroup section */

/* Begin XCBuildConfiguration section */
		90C3698C21D29F1300854988 /* Debug */ = {
			isa = XCBuildConfiguration;
			buildSettings = {
				ALWAYS_SEARCH_USER_PATHS = NO;
				CLANG_ANALYZER_NONNULL = YES;
				CLANG_ANALYZER_NUMBER_OBJECT_CONVERSION = YES_AGGRESSIVE;
				CLANG_CXX_LANGUAGE_STANDARD = "gnu++14";
				CLANG_CXX_LIBRARY = "libc++";
				CLANG_ENABLE_MODULES = YES;
				CLANG_ENABLE_OBJC_ARC = YES;
				CLANG_ENABLE_OBJC_WEAK = YES;
				CLANG_WARN_BLOCK_CAPTURE_AUTORELEASING = YES;
				CLANG_WARN_BOOL_CONVERSION = YES;
				CLANG_WARN_COMMA = YES;
				CLANG_WARN_CONSTANT_CONVERSION = YES;
				CLANG_WARN_DEPRECATED_OBJC_IMPLEMENTATIONS = YES;
				CLANG_WARN_DIRECT_OBJC_ISA_USAGE = YES_ERROR;
				CLANG_WARN_DOCUMENTATION_COMMENTS = YES;
				CLANG_WARN_EMPTY_BODY = YES;
				CLANG_WARN_ENUM_CONVERSION = YES;
				CLANG_WARN_INFINITE_RECURSION = YES;
				CLANG_WARN_INT_CONVERSION = YES;
				CLANG_WARN_NON_LITERAL_NULL_CONVERSION = YES;
				CLANG_WARN_OBJC_IMPLICIT_RETAIN_SELF = YES;
				CLANG_WARN_OBJC_LITERAL_CONVERSION = YES;
				CLANG_WARN_OBJC_ROOT_CLASS = YES_ERROR;
				CLANG_WARN_RANGE_LOOP_ANALYSIS = YES;
				CLANG_WARN_STRICT_PROTOTYPES = YES;
				CLANG_WARN_SUSPICIOUS_MOVE = YES;
				CLANG_WARN_UNGUARDED_AVAILABILITY = YES_AGGRESSIVE;
				CLANG_WARN_UNREACHABLE_CODE = YES;
				CLANG_WARN__DUPLICATE_METHOD_MATCH = YES;
				CODE_SIGN_IDENTITY = "iPhone Developer";
				COPY_PHASE_STRIP = NO;
				DEBUG_INFORMATION_FORMAT = dwarf;
				ENABLE_STRICT_OBJC_MSGSEND = YES;
				ENABLE_TESTABILITY = YES;
				GCC_C_LANGUAGE_STANDARD = gnu11;
				GCC_DYNAMIC_NO_PIC = NO;
				GCC_NO_COMMON_BLOCKS = YES;
				GCC_OPTIMIZATION_LEVEL = 0;
				GCC_PREPROCESSOR_DEFINITIONS = (
					"DEBUG=1",
					"$(inherited)",
				);
				GCC_WARN_64_TO_32_BIT_CONVERSION = YES;
				GCC_WARN_ABOUT_RETURN_TYPE = YES_ERROR;
				GCC_WARN_UNDECLARED_SELECTOR = YES;
				GCC_WARN_UNINITIALIZED_AUTOS = YES_AGGRESSIVE;
				GCC_WARN_UNUSED_FUNCTION = YES;
				GCC_WARN_UNUSED_VARIABLE = YES;
				IPHONEOS_DEPLOYMENT_TARGET = 11.0;
				MTL_ENABLE_DEBUG_INFO = INCLUDE_SOURCE;
				MTL_FAST_MATH = YES;
				ONLY_ACTIVE_ARCH = YES;
				SDKROOT = iphoneos;
				SWIFT_ACTIVE_COMPILATION_CONDITIONS = DEBUG;
				SWIFT_OPTIMIZATION_LEVEL = "-Onone";
			};
			name = Debug;
		};
		90C3698D21D29F1300854988 /* Release */ = {
			isa = XCBuildConfiguration;
			buildSettings = {
				ALWAYS_SEARCH_USER_PATHS = NO;
				CLANG_ANALYZER_NONNULL = YES;
				CLANG_ANALYZER_NUMBER_OBJECT_CONVERSION = YES_AGGRESSIVE;
				CLANG_CXX_LANGUAGE_STANDARD = "gnu++14";
				CLANG_CXX_LIBRARY = "libc++";
				CLANG_ENABLE_MODULES = YES;
				CLANG_ENABLE_OBJC_ARC = YES;
				CLANG_ENABLE_OBJC_WEAK = YES;
				CLANG_WARN_BLOCK_CAPTURE_AUTORELEASING = YES;
				CLANG_WARN_BOOL_CONVERSION = YES;
				CLANG_WARN_COMMA = YES;
				CLANG_WARN_CONSTANT_CONVERSION = YES;
				CLANG_WARN_DEPRECATED_OBJC_IMPLEMENTATIONS = YES;
				CLANG_WARN_DIRECT_OBJC_ISA_USAGE = YES_ERROR;
				CLANG_WARN_DOCUMENTATION_COMMENTS = YES;
				CLANG_WARN_EMPTY_BODY = YES;
				CLANG_WARN_ENUM_CONVERSION = YES;
				CLANG_WARN_INFINITE_RECURSION = YES;
				CLANG_WARN_INT_CONVERSION = YES;
				CLANG_WARN_NON_LITERAL_NULL_CONVERSION = YES;
				CLANG_WARN_OBJC_IMPLICIT_RETAIN_SELF = YES;
				CLANG_WARN_OBJC_LITERAL_CONVERSION = YES;
				CLANG_WARN_OBJC_ROOT_CLASS = YES_ERROR;
				CLANG_WARN_RANGE_LOOP_ANALYSIS = YES;
				CLANG_WARN_STRICT_PROTOTYPES = YES;
				CLANG_WARN_SUSPICIOUS_MOVE = YES;
				CLANG_WARN_UNGUARDED_AVAILABILITY = YES_AGGRESSIVE;
				CLANG_WARN_UNREACHABLE_CODE = YES;
				CLANG_WARN__DUPLICATE_METHOD_MATCH = YES;
				CODE_SIGN_IDENTITY = "iPhone Developer";
				COPY_PHASE_STRIP = NO;
				DEBUG_INFORMATION_FORMAT = "dwarf-with-dsym";
				ENABLE_NS_ASSERTIONS = NO;
				ENABLE_STRICT_OBJC_MSGSEND = YES;
				GCC_C_LANGUAGE_STANDARD = gnu11;
				GCC_NO_COMMON_BLOCKS = YES;
				GCC_WARN_64_TO_32_BIT_CONVERSION = YES;
				GCC_WARN_ABOUT_RETURN_TYPE = YES_ERROR;
				GCC_WARN_UNDECLARED_SELECTOR = YES;
				GCC_WARN_UNINITIALIZED_AUTOS = YES_AGGRESSIVE;
				GCC_WARN_UNUSED_FUNCTION = YES;
				GCC_WARN_UNUSED_VARIABLE = YES;
				IPHONEOS_DEPLOYMENT_TARGET = 11.0;
				MTL_ENABLE_DEBUG_INFO = NO;
				MTL_FAST_MATH = YES;
				SDKROOT = iphoneos;
				SWIFT_COMPILATION_MODE = wholemodule;
				SWIFT_OPTIMIZATION_LEVEL = "-O";
				VALIDATE_PRODUCT = YES;
			};
			name = Release;
		};
		90C3698F21D29F1300854988 /* Debug */ = {
			isa = XCBuildConfiguration;
			baseConfigurationReference = CAE43293FE7DE7E6184B8FBB /* Pods-Dice.debug.xcconfig */;
			buildSettings = {
				ASSETCATALOG_COMPILER_APPICON_NAME = AppIcon;
				CODE_SIGN_STYLE = Manual;
				DEBUG_INFORMATION_FORMAT = "dwarf-with-dsym";
				DEVELOPMENT_TEAM = 3Q85UQ53BG;
				INFOPLIST_FILE = Dice/Info.plist;
				LD_RUNPATH_SEARCH_PATHS = (
					"$(inherited)",
					"@executable_path/Frameworks",
				);
				PRODUCT_BUNDLE_IDENTIFIER = com.michalcichon.Dice;
				PRODUCT_NAME = "$(TARGET_NAME)";
				PROVISIONING_PROFILE_SPECIFIER = "Dice (dev)";
				SWIFT_VERSION = 4.2;
				TARGETED_DEVICE_FAMILY = "1,2";
			};
			name = Debug;
		};
		90C3699021D29F1300854988 /* Release */ = {
			isa = XCBuildConfiguration;
			baseConfigurationReference = 9B43763DEA496DF944FB8DCE /* Pods-Dice.release.xcconfig */;
			buildSettings = {
				ASSETCATALOG_COMPILER_APPICON_NAME = AppIcon;
				CODE_SIGN_IDENTITY = "iPhone Distribution";
				CODE_SIGN_STYLE = Manual;
				DEVELOPMENT_TEAM = 3Q85UQ53BG;
				INFOPLIST_FILE = Dice/Info.plist;
				LD_RUNPATH_SEARCH_PATHS = (
					"$(inherited)",
					"@executable_path/Frameworks",
				);
				PRODUCT_BUNDLE_IDENTIFIER = com.michalcichon.Dice;
				PRODUCT_NAME = "$(TARGET_NAME)";
				PROVISIONING_PROFILE_SPECIFIER = "Dice (ad hoc)";
				SWIFT_VERSION = 4.2;
				TARGETED_DEVICE_FAMILY = "1,2";
			};
			name = Release;
		};
		90C3699221D29F1300854988 /* Debug */ = {
			isa = XCBuildConfiguration;
			buildSettings = {
				ALWAYS_EMBED_SWIFT_STANDARD_LIBRARIES = YES;
				BUNDLE_LOADER = "$(TEST_HOST)";
				CODE_SIGN_STYLE = Automatic;
				DEVELOPMENT_TEAM = 784PVL6CY6;
				INFOPLIST_FILE = DiceTests/Info.plist;
				LD_RUNPATH_SEARCH_PATHS = (
					"$(inherited)",
					"@executable_path/Frameworks",
					"@loader_path/Frameworks",
				);
				PRODUCT_BUNDLE_IDENTIFIER = io.github.michalcichon.DiceTests;
				PRODUCT_NAME = "$(TARGET_NAME)";
				SWIFT_VERSION = 4.2;
				TARGETED_DEVICE_FAMILY = "1,2";
				TEST_HOST = "$(BUILT_PRODUCTS_DIR)/Dice.app/Dice";
			};
			name = Debug;
		};
		90C3699321D29F1300854988 /* Release */ = {
			isa = XCBuildConfiguration;
			buildSettings = {
				ALWAYS_EMBED_SWIFT_STANDARD_LIBRARIES = YES;
				BUNDLE_LOADER = "$(TEST_HOST)";
				CODE_SIGN_STYLE = Automatic;
				DEVELOPMENT_TEAM = 784PVL6CY6;
				INFOPLIST_FILE = DiceTests/Info.plist;
				LD_RUNPATH_SEARCH_PATHS = (
					"$(inherited)",
					"@executable_path/Frameworks",
					"@loader_path/Frameworks",
				);
				PRODUCT_BUNDLE_IDENTIFIER = io.github.michalcichon.DiceTests;
				PRODUCT_NAME = "$(TARGET_NAME)";
				SWIFT_VERSION = 4.2;
				TARGETED_DEVICE_FAMILY = "1,2";
				TEST_HOST = "$(BUILT_PRODUCTS_DIR)/Dice.app/Dice";
			};
			name = Release;
		};
/* End XCBuildConfiguration section */

/* Begin XCConfigurationList section */
		90C3696C21D29F1100854988 /* Build configuration list for PBXProject "Dice" */ = {
			isa = XCConfigurationList;
			buildConfigurations = (
				90C3698C21D29F1300854988 /* Debug */,
				90C3698D21D29F1300854988 /* Release */,
			);
			defaultConfigurationIsVisible = 0;
			defaultConfigurationName = Release;
		};
		90C3698E21D29F1300854988 /* Build configuration list for PBXNativeTarget "Dice" */ = {
			isa = XCConfigurationList;
			buildConfigurations = (
				90C3698F21D29F1300854988 /* Debug */,
				90C3699021D29F1300854988 /* Release */,
			);
			defaultConfigurationIsVisible = 0;
			defaultConfigurationName = Release;
		};
		90C3699121D29F1300854988 /* Build configuration list for PBXNativeTarget "DiceTests" */ = {
			isa = XCConfigurationList;
			buildConfigurations = (
				90C3699221D29F1300854988 /* Debug */,
				90C3699321D29F1300854988 /* Release */,
			);
			defaultConfigurationIsVisible = 0;
			defaultConfigurationName = Release;
		};
/* End XCConfigurationList section */
	};
	rootObject = 90C3696921D29F1100854988 /* Project object */;
}
